// !$*UTF8*$!
{
	archiveVersion = 1;
	classes = {
	};
	objectVersion = 55;
	objects = {

/* Begin PBXBuildFile section */
		3E7C4F7829E2825000546002 /* GPT_Voice_ChatApp.swift in Sources */ = {isa = PBXBuildFile; fileRef = 3E7C4F6829E2824F00546002 /* GPT_Voice_ChatApp.swift */; };
		3E7C4F7929E2825000546002 /* GPT_Voice_ChatApp.swift in Sources */ = {isa = PBXBuildFile; fileRef = 3E7C4F6829E2824F00546002 /* GPT_Voice_ChatApp.swift */; };
		3E7C4F7A29E2825000546002 /* ContentView.swift in Sources */ = {isa = PBXBuildFile; fileRef = 3E7C4F6929E2824F00546002 /* ContentView.swift */; };
		3E7C4F7B29E2825000546002 /* ContentView.swift in Sources */ = {isa = PBXBuildFile; fileRef = 3E7C4F6929E2824F00546002 /* ContentView.swift */; };
		3E7C4F7C29E2825000546002 /* Assets.xcassets in Resources */ = {isa = PBXBuildFile; fileRef = 3E7C4F6A29E2825000546002 /* Assets.xcassets */; };
		3E7C4F7D29E2825000546002 /* Assets.xcassets in Resources */ = {isa = PBXBuildFile; fileRef = 3E7C4F6A29E2825000546002 /* Assets.xcassets */; };
		3E87A58B29E2C3BF0064056E /* Assets.xcassets in Resources */ = {isa = PBXBuildFile; fileRef = 3E87A58A29E2C3BF0064056E /* Assets.xcassets */; };
		3E87A59129E2C3BF0064056E /* GPT Voice Chat WatchKit Extension.appex in Embed App Extensions */ = {isa = PBXBuildFile; fileRef = 3E87A59029E2C3BF0064056E /* GPT Voice Chat WatchKit Extension.appex */; settings = {ATTRIBUTES = (RemoveHeadersOnCopy, ); }; };
		3E87A59629E2C3BF0064056E /* ContentView.swift in Sources */ = {isa = PBXBuildFile; fileRef = 3E87A59529E2C3BF0064056E /* ContentView.swift */; };
		3E87A59829E2C3BF0064056E /* GPT_Voice_ChatApp.swift in Sources */ = {isa = PBXBuildFile; fileRef = 3E87A59729E2C3BF0064056E /* GPT_Voice_ChatApp.swift */; };
		3E87A59A29E2C3BF0064056E /* ComplicationController.swift in Sources */ = {isa = PBXBuildFile; fileRef = 3E87A59929E2C3BF0064056E /* ComplicationController.swift */; };
		3E87A59C29E2C3C00064056E /* Assets.xcassets in Resources */ = {isa = PBXBuildFile; fileRef = 3E87A59B29E2C3C00064056E /* Assets.xcassets */; };
		3E87A59F29E2C3C00064056E /* Preview Assets.xcassets in Resources */ = {isa = PBXBuildFile; fileRef = 3E87A59E29E2C3C00064056E /* Preview Assets.xcassets */; };
		3E87A5A329E2C3C00064056E /* GPT Voice Chat.app in Embed Watch Content */ = {isa = PBXBuildFile; fileRef = 3E87A58829E2C3BE0064056E /* GPT Voice Chat.app */; settings = {ATTRIBUTES = (RemoveHeadersOnCopy, ); }; };
/* End PBXBuildFile section */

/* Begin PBXContainerItemProxy section */
		3E87A59229E2C3BF0064056E /* PBXContainerItemProxy */ = {
			isa = PBXContainerItemProxy;
			containerPortal = 3E7C4F6329E2824F00546002 /* Project object */;
			proxyType = 1;
			remoteGlobalIDString = 3E87A58F29E2C3BF0064056E;
			remoteInfo = "GPT Voice Chat WatchKit Extension";
		};
		3E87A5A129E2C3C00064056E /* PBXContainerItemProxy */ = {
			isa = PBXContainerItemProxy;
			containerPortal = 3E7C4F6329E2824F00546002 /* Project object */;
			proxyType = 1;
			remoteGlobalIDString = 3E87A58729E2C3BE0064056E;
			remoteInfo = "GPT Voice Chat";
		};
/* End PBXContainerItemProxy section */

/* Begin PBXCopyFilesBuildPhase section */
		3E87A5A729E2C3C00064056E /* Embed App Extensions */ = {
			isa = PBXCopyFilesBuildPhase;
			buildActionMask = 2147483647;
			dstPath = "";
			dstSubfolderSpec = 13;
			files = (
				3E87A59129E2C3BF0064056E /* GPT Voice Chat WatchKit Extension.appex in Embed App Extensions */,
			);
			name = "Embed App Extensions";
			runOnlyForDeploymentPostprocessing = 0;
		};
		3E87A5AB29E2C3C00064056E /* Embed Watch Content */ = {
			isa = PBXCopyFilesBuildPhase;
			buildActionMask = 2147483647;
			dstPath = "$(CONTENTS_FOLDER_PATH)/Watch";
			dstSubfolderSpec = 16;
			files = (
				3E87A5A329E2C3C00064056E /* GPT Voice Chat.app in Embed Watch Content */,
			);
			name = "Embed Watch Content";
			runOnlyForDeploymentPostprocessing = 0;
		};
/* End PBXCopyFilesBuildPhase section */

/* Begin PBXFileReference section */
		3E7C4F6829E2824F00546002 /* GPT_Voice_ChatApp.swift */ = {isa = PBXFileReference; lastKnownFileType = sourcecode.swift; path = GPT_Voice_ChatApp.swift; sourceTree = "<group>"; };
		3E7C4F6929E2824F00546002 /* ContentView.swift */ = {isa = PBXFileReference; lastKnownFileType = sourcecode.swift; path = ContentView.swift; sourceTree = "<group>"; };
		3E7C4F6A29E2825000546002 /* Assets.xcassets */ = {isa = PBXFileReference; lastKnownFileType = folder.assetcatalog; path = Assets.xcassets; sourceTree = "<group>"; };
		3E7C4F6F29E2825000546002 /* GPT Voice Chat.app */ = {isa = PBXFileReference; explicitFileType = wrapper.application; includeInIndex = 0; path = "GPT Voice Chat.app"; sourceTree = BUILT_PRODUCTS_DIR; };
		3E7C4F7529E2825000546002 /* GPT Voice Chat.app */ = {isa = PBXFileReference; explicitFileType = wrapper.application; includeInIndex = 0; path = "GPT Voice Chat.app"; sourceTree = BUILT_PRODUCTS_DIR; };
		3E7C4F7729E2825000546002 /* macOS.entitlements */ = {isa = PBXFileReference; lastKnownFileType = text.plist.entitlements; path = macOS.entitlements; sourceTree = "<group>"; };
		3E87A58829E2C3BE0064056E /* GPT Voice Chat.app */ = {isa = PBXFileReference; explicitFileType = wrapper.application; includeInIndex = 0; path = "GPT Voice Chat.app"; sourceTree = BUILT_PRODUCTS_DIR; };
		3E87A58A29E2C3BF0064056E /* Assets.xcassets */ = {isa = PBXFileReference; lastKnownFileType = folder.assetcatalog; path = Assets.xcassets; sourceTree = "<group>"; };
		3E87A59029E2C3BF0064056E /* GPT Voice Chat WatchKit Extension.appex */ = {isa = PBXFileReference; explicitFileType = "wrapper.app-extension"; includeInIndex = 0; path = "GPT Voice Chat WatchKit Extension.appex"; sourceTree = BUILT_PRODUCTS_DIR; };
		3E87A59529E2C3BF0064056E /* ContentView.swift */ = {isa = PBXFileReference; lastKnownFileType = sourcecode.swift; path = ContentView.swift; sourceTree = "<group>"; };
		3E87A59729E2C3BF0064056E /* GPT_Voice_ChatApp.swift */ = {isa = PBXFileReference; lastKnownFileType = sourcecode.swift; path = GPT_Voice_ChatApp.swift; sourceTree = "<group>"; };
		3E87A59929E2C3BF0064056E /* ComplicationController.swift */ = {isa = PBXFileReference; lastKnownFileType = sourcecode.swift; path = ComplicationController.swift; sourceTree = "<group>"; };
		3E87A59B29E2C3C00064056E /* Assets.xcassets */ = {isa = PBXFileReference; lastKnownFileType = folder.assetcatalog; path = Assets.xcassets; sourceTree = "<group>"; };
		3E87A59E29E2C3C00064056E /* Preview Assets.xcassets */ = {isa = PBXFileReference; lastKnownFileType = folder.assetcatalog; path = "Preview Assets.xcassets"; sourceTree = "<group>"; };
		3E87A5A029E2C3C00064056E /* Info.plist */ = {isa = PBXFileReference; lastKnownFileType = text.plist.xml; path = Info.plist; sourceTree = "<group>"; };
		3E87A5AC29E2CBA60064056E /* GPT-Voice-Chat--iOS--Info.plist */ = {isa = PBXFileReference; lastKnownFileType = text.plist; path = "GPT-Voice-Chat--iOS--Info.plist"; sourceTree = "<group>"; };
/* End PBXFileReference section */

/* Begin PBXFrameworksBuildPhase section */
		3E7C4F6C29E2825000546002 /* Frameworks */ = {
			isa = PBXFrameworksBuildPhase;
			buildActionMask = 2147483647;
			files = (
			);
			runOnlyForDeploymentPostprocessing = 0;
		};
		3E7C4F7229E2825000546002 /* Frameworks */ = {
			isa = PBXFrameworksBuildPhase;
			buildActionMask = 2147483647;
			files = (
			);
			runOnlyForDeploymentPostprocessing = 0;
		};
		3E87A58D29E2C3BF0064056E /* Frameworks */ = {
			isa = PBXFrameworksBuildPhase;
			buildActionMask = 2147483647;
			files = (
			);
			runOnlyForDeploymentPostprocessing = 0;
		};
/* End PBXFrameworksBuildPhase section */

/* Begin PBXGroup section */
		3E7C4F6229E2824F00546002 = {
			isa = PBXGroup;
			children = (
				3E87A5AC29E2CBA60064056E /* GPT-Voice-Chat--iOS--Info.plist */,
				3E7C4F6729E2824F00546002 /* Shared */,
				3E7C4F7629E2825000546002 /* macOS */,
				3E87A58929E2C3BE0064056E /* GPT Voice Chat */,
				3E87A59429E2C3BF0064056E /* GPT Voice Chat WatchKit Extension */,
				3E7C4F7029E2825000546002 /* Products */,
			);
			sourceTree = "<group>";
		};
		3E7C4F6729E2824F00546002 /* Shared */ = {
			isa = PBXGroup;
			children = (
				3E7C4F6829E2824F00546002 /* GPT_Voice_ChatApp.swift */,
				3E7C4F6929E2824F00546002 /* ContentView.swift */,
				3E7C4F6A29E2825000546002 /* Assets.xcassets */,
			);
			path = Shared;
			sourceTree = "<group>";
		};
		3E7C4F7029E2825000546002 /* Products */ = {
			isa = PBXGroup;
			children = (
				3E7C4F6F29E2825000546002 /* GPT Voice Chat.app */,
				3E7C4F7529E2825000546002 /* GPT Voice Chat.app */,
				3E87A58829E2C3BE0064056E /* GPT Voice Chat.app */,
				3E87A59029E2C3BF0064056E /* GPT Voice Chat WatchKit Extension.appex */,
			);
			name = Products;
			sourceTree = "<group>";
		};
		3E7C4F7629E2825000546002 /* macOS */ = {
			isa = PBXGroup;
			children = (
				3E7C4F7729E2825000546002 /* macOS.entitlements */,
			);
			path = macOS;
			sourceTree = "<group>";
		};
		3E87A58929E2C3BE0064056E /* GPT Voice Chat */ = {
			isa = PBXGroup;
			children = (
				3E87A58A29E2C3BF0064056E /* Assets.xcassets */,
			);
			path = "GPT Voice Chat";
			sourceTree = "<group>";
		};
		3E87A59429E2C3BF0064056E /* GPT Voice Chat WatchKit Extension */ = {
			isa = PBXGroup;
			children = (
				3E87A59529E2C3BF0064056E /* ContentView.swift */,
				3E87A59729E2C3BF0064056E /* GPT_Voice_ChatApp.swift */,
				3E87A59929E2C3BF0064056E /* ComplicationController.swift */,
				3E87A59B29E2C3C00064056E /* Assets.xcassets */,
				3E87A5A029E2C3C00064056E /* Info.plist */,
				3E87A59D29E2C3C00064056E /* Preview Content */,
			);
			path = "GPT Voice Chat WatchKit Extension";
			sourceTree = "<group>";
		};
		3E87A59D29E2C3C00064056E /* Preview Content */ = {
			isa = PBXGroup;
			children = (
				3E87A59E29E2C3C00064056E /* Preview Assets.xcassets */,
			);
			path = "Preview Content";
			sourceTree = "<group>";
		};
/* End PBXGroup section */

/* Begin PBXNativeTarget section */
		3E7C4F6E29E2825000546002 /* GPT Voice Chat (iOS) */ = {
			isa = PBXNativeTarget;
			buildConfigurationList = 3E7C4F8029E2825000546002 /* Build configuration list for PBXNativeTarget "GPT Voice Chat (iOS)" */;
			buildPhases = (
				3E7C4F6B29E2825000546002 /* Sources */,
				3E7C4F6C29E2825000546002 /* Frameworks */,
				3E7C4F6D29E2825000546002 /* Resources */,
				3E87A5AB29E2C3C00064056E /* Embed Watch Content */,
			);
			buildRules = (
			);
			dependencies = (
				3E87A5A229E2C3C00064056E /* PBXTargetDependency */,
			);
			name = "GPT Voice Chat (iOS)";
			productName = "GPT Voice Chat (iOS)";
			productReference = 3E7C4F6F29E2825000546002 /* GPT Voice Chat.app */;
			productType = "com.apple.product-type.application";
		};
		3E7C4F7429E2825000546002 /* GPT Voice Chat (macOS) */ = {
			isa = PBXNativeTarget;
			buildConfigurationList = 3E7C4F8329E2825000546002 /* Build configuration list for PBXNativeTarget "GPT Voice Chat (macOS)" */;
			buildPhases = (
				3E7C4F7129E2825000546002 /* Sources */,
				3E7C4F7229E2825000546002 /* Frameworks */,
				3E7C4F7329E2825000546002 /* Resources */,
			);
			buildRules = (
			);
			dependencies = (
			);
			name = "GPT Voice Chat (macOS)";
			productName = "GPT Voice Chat (macOS)";
			productReference = 3E7C4F7529E2825000546002 /* GPT Voice Chat.app */;
			productType = "com.apple.product-type.application";
		};
		3E87A58729E2C3BE0064056E /* GPT Voice Chat */ = {
			isa = PBXNativeTarget;
			buildConfigurationList = 3E87A5A829E2C3C00064056E /* Build configuration list for PBXNativeTarget "GPT Voice Chat" */;
			buildPhases = (
				3E87A58629E2C3BE0064056E /* Resources */,
				3E87A5A729E2C3C00064056E /* Embed App Extensions */,
			);
			buildRules = (
			);
			dependencies = (
				3E87A59329E2C3BF0064056E /* PBXTargetDependency */,
			);
			name = "GPT Voice Chat";
			productName = "GPT Voice Chat";
			productReference = 3E87A58829E2C3BE0064056E /* GPT Voice Chat.app */;
			productType = "com.apple.product-type.application.watchapp2";
		};
		3E87A58F29E2C3BF0064056E /* GPT Voice Chat WatchKit Extension */ = {
			isa = PBXNativeTarget;
			buildConfigurationList = 3E87A5A429E2C3C00064056E /* Build configuration list for PBXNativeTarget "GPT Voice Chat WatchKit Extension" */;
			buildPhases = (
				3E87A58C29E2C3BF0064056E /* Sources */,
				3E87A58D29E2C3BF0064056E /* Frameworks */,
				3E87A58E29E2C3BF0064056E /* Resources */,
			);
			buildRules = (
			);
			dependencies = (
			);
			name = "GPT Voice Chat WatchKit Extension";
			productName = "GPT Voice Chat WatchKit Extension";
			productReference = 3E87A59029E2C3BF0064056E /* GPT Voice Chat WatchKit Extension.appex */;
			productType = "com.apple.product-type.watchkit2-extension";
		};
/* End PBXNativeTarget section */

/* Begin PBXProject section */
		3E7C4F6329E2824F00546002 /* Project object */ = {
			isa = PBXProject;
			attributes = {
				BuildIndependentTargetsInParallel = 1;
				LastSwiftUpdateCheck = 1340;
				LastUpgradeCheck = 1340;
				TargetAttributes = {
					3E7C4F6E29E2825000546002 = {
						CreatedOnToolsVersion = 13.4.1;
					};
					3E7C4F7429E2825000546002 = {
						CreatedOnToolsVersion = 13.4.1;
					};
					3E87A58729E2C3BE0064056E = {
						CreatedOnToolsVersion = 13.4.1;
					};
					3E87A58F29E2C3BF0064056E = {
						CreatedOnToolsVersion = 13.4.1;
					};
				};
			};
			buildConfigurationList = 3E7C4F6629E2824F00546002 /* Build configuration list for PBXProject "GPT Voice Chat" */;
			compatibilityVersion = "Xcode 13.0";
			developmentRegion = en;
			hasScannedForEncodings = 0;
			knownRegions = (
				en,
				Base,
			);
			mainGroup = 3E7C4F6229E2824F00546002;
			productRefGroup = 3E7C4F7029E2825000546002 /* Products */;
			projectDirPath = "";
			projectRoot = "";
			targets = (
				3E7C4F6E29E2825000546002 /* GPT Voice Chat (iOS) */,
				3E7C4F7429E2825000546002 /* GPT Voice Chat (macOS) */,
				3E87A58729E2C3BE0064056E /* GPT Voice Chat */,
				3E87A58F29E2C3BF0064056E /* GPT Voice Chat WatchKit Extension */,
			);
		};
/* End PBXProject section */

/* Begin PBXResourcesBuildPhase section */
		3E7C4F6D29E2825000546002 /* Resources */ = {
			isa = PBXResourcesBuildPhase;
			buildActionMask = 2147483647;
			files = (
				3E7C4F7C29E2825000546002 /* Assets.xcassets in Resources */,
			);
			runOnlyForDeploymentPostprocessing = 0;
		};
		3E7C4F7329E2825000546002 /* Resources */ = {
			isa = PBXResourcesBuildPhase;
			buildActionMask = 2147483647;
			files = (
				3E7C4F7D29E2825000546002 /* Assets.xcassets in Resources */,
			);
			runOnlyForDeploymentPostprocessing = 0;
		};
		3E87A58629E2C3BE0064056E /* Resources */ = {
			isa = PBXResourcesBuildPhase;
			buildActionMask = 2147483647;
			files = (
				3E87A58B29E2C3BF0064056E /* Assets.xcassets in Resources */,
			);
			runOnlyForDeploymentPostprocessing = 0;
		};
		3E87A58E29E2C3BF0064056E /* Resources */ = {
			isa = PBXResourcesBuildPhase;
			buildActionMask = 2147483647;
			files = (
				3E87A59F29E2C3C00064056E /* Preview Assets.xcassets in Resources */,
				3E87A59C29E2C3C00064056E /* Assets.xcassets in Resources */,
			);
			runOnlyForDeploymentPostprocessing = 0;
		};
/* End PBXResourcesBuildPhase section */

/* Begin PBXSourcesBuildPhase section */
		3E7C4F6B29E2825000546002 /* Sources */ = {
			isa = PBXSourcesBuildPhase;
			buildActionMask = 2147483647;
			files = (
				3E7C4F7A29E2825000546002 /* ContentView.swift in Sources */,
				3E7C4F7829E2825000546002 /* GPT_Voice_ChatApp.swift in Sources */,
			);
			runOnlyForDeploymentPostprocessing = 0;
		};
		3E7C4F7129E2825000546002 /* Sources */ = {
			isa = PBXSourcesBuildPhase;
			buildActionMask = 2147483647;
			files = (
				3E7C4F7B29E2825000546002 /* ContentView.swift in Sources */,
				3E7C4F7929E2825000546002 /* GPT_Voice_ChatApp.swift in Sources */,
			);
			runOnlyForDeploymentPostprocessing = 0;
		};
		3E87A58C29E2C3BF0064056E /* Sources */ = {
			isa = PBXSourcesBuildPhase;
			buildActionMask = 2147483647;
			files = (
				3E87A59829E2C3BF0064056E /* GPT_Voice_ChatApp.swift in Sources */,
				3E87A59629E2C3BF0064056E /* ContentView.swift in Sources */,
				3E87A59A29E2C3BF0064056E /* ComplicationController.swift in Sources */,
			);
			runOnlyForDeploymentPostprocessing = 0;
		};
/* End PBXSourcesBuildPhase section */

/* Begin PBXTargetDependency section */
		3E87A59329E2C3BF0064056E /* PBXTargetDependency */ = {
			isa = PBXTargetDependency;
			target = 3E87A58F29E2C3BF0064056E /* GPT Voice Chat WatchKit Extension */;
			targetProxy = 3E87A59229E2C3BF0064056E /* PBXContainerItemProxy */;
		};
		3E87A5A229E2C3C00064056E /* PBXTargetDependency */ = {
			isa = PBXTargetDependency;
			target = 3E87A58729E2C3BE0064056E /* GPT Voice Chat */;
			targetProxy = 3E87A5A129E2C3C00064056E /* PBXContainerItemProxy */;
		};
/* End PBXTargetDependency section */

/* Begin XCBuildConfiguration section */
		3E7C4F7E29E2825000546002 /* Debug */ = {
			isa = XCBuildConfiguration;
			buildSettings = {
				ALWAYS_SEARCH_USER_PATHS = NO;
				CLANG_ANALYZER_NONNULL = YES;
				CLANG_ANALYZER_NUMBER_OBJECT_CONVERSION = YES_AGGRESSIVE;
				CLANG_CXX_LANGUAGE_STANDARD = "gnu++17";
				CLANG_ENABLE_MODULES = YES;
				CLANG_ENABLE_OBJC_ARC = YES;
				CLANG_ENABLE_OBJC_WEAK = YES;
				CLANG_WARN_BLOCK_CAPTURE_AUTORELEASING = YES;
				CLANG_WARN_BOOL_CONVERSION = YES;
				CLANG_WARN_COMMA = YES;
				CLANG_WARN_CONSTANT_CONVERSION = YES;
				CLANG_WARN_DEPRECATED_OBJC_IMPLEMENTATIONS = YES;
				CLANG_WARN_DIRECT_OBJC_ISA_USAGE = YES_ERROR;
				CLANG_WARN_DOCUMENTATION_COMMENTS = YES;
				CLANG_WARN_EMPTY_BODY = YES;
				CLANG_WARN_ENUM_CONVERSION = YES;
				CLANG_WARN_INFINITE_RECURSION = YES;
				CLANG_WARN_INT_CONVERSION = YES;
				CLANG_WARN_NON_LITERAL_NULL_CONVERSION = YES;
				CLANG_WARN_OBJC_IMPLICIT_RETAIN_SELF = YES;
				CLANG_WARN_OBJC_LITERAL_CONVERSION = YES;
				CLANG_WARN_OBJC_ROOT_CLASS = YES_ERROR;
				CLANG_WARN_QUOTED_INCLUDE_IN_FRAMEWORK_HEADER = YES;
				CLANG_WARN_RANGE_LOOP_ANALYSIS = YES;
				CLANG_WARN_STRICT_PROTOTYPES = YES;
				CLANG_WARN_SUSPICIOUS_MOVE = YES;
				CLANG_WARN_UNGUARDED_AVAILABILITY = YES_AGGRESSIVE;
				CLANG_WARN_UNREACHABLE_CODE = YES;
				CLANG_WARN__DUPLICATE_METHOD_MATCH = YES;
				COPY_PHASE_STRIP = NO;
				DEBUG_INFORMATION_FORMAT = dwarf;
				ENABLE_STRICT_OBJC_MSGSEND = YES;
				ENABLE_TESTABILITY = YES;
				GCC_C_LANGUAGE_STANDARD = gnu11;
				GCC_DYNAMIC_NO_PIC = NO;
				GCC_NO_COMMON_BLOCKS = YES;
				GCC_OPTIMIZATION_LEVEL = 0;
				GCC_PREPROCESSOR_DEFINITIONS = (
					"DEBUG=1",
					"$(inherited)",
				);
				GCC_WARN_64_TO_32_BIT_CONVERSION = YES;
				GCC_WARN_ABOUT_RETURN_TYPE = YES_ERROR;
				GCC_WARN_UNDECLARED_SELECTOR = YES;
				GCC_WARN_UNINITIALIZED_AUTOS = YES_AGGRESSIVE;
				GCC_WARN_UNUSED_FUNCTION = YES;
				GCC_WARN_UNUSED_VARIABLE = YES;
				MTL_ENABLE_DEBUG_INFO = INCLUDE_SOURCE;
				MTL_FAST_MATH = YES;
				ONLY_ACTIVE_ARCH = YES;
				SWIFT_ACTIVE_COMPILATION_CONDITIONS = DEBUG;
				SWIFT_OPTIMIZATION_LEVEL = "-Onone";
			};
			name = Debug;
		};
		3E7C4F7F29E2825000546002 /* Release */ = {
			isa = XCBuildConfiguration;
			buildSettings = {
				ALWAYS_SEARCH_USER_PATHS = NO;
				CLANG_ANALYZER_NONNULL = YES;
				CLANG_ANALYZER_NUMBER_OBJECT_CONVERSION = YES_AGGRESSIVE;
				CLANG_CXX_LANGUAGE_STANDARD = "gnu++17";
				CLANG_ENABLE_MODULES = YES;
				CLANG_ENABLE_OBJC_ARC = YES;
				CLANG_ENABLE_OBJC_WEAK = YES;
				CLANG_WARN_BLOCK_CAPTURE_AUTORELEASING = YES;
				CLANG_WARN_BOOL_CONVERSION = YES;
				CLANG_WARN_COMMA = YES;
				CLANG_WARN_CONSTANT_CONVERSION = YES;
				CLANG_WARN_DEPRECATED_OBJC_IMPLEMENTATIONS = YES;
				CLANG_WARN_DIRECT_OBJC_ISA_USAGE = YES_ERROR;
				CLANG_WARN_DOCUMENTATION_COMMENTS = YES;
				CLANG_WARN_EMPTY_BODY = YES;
				CLANG_WARN_ENUM_CONVERSION = YES;
				CLANG_WARN_INFINITE_RECURSION = YES;
				CLANG_WARN_INT_CONVERSION = YES;
				CLANG_WARN_NON_LITERAL_NULL_CONVERSION = YES;
				CLANG_WARN_OBJC_IMPLICIT_RETAIN_SELF = YES;
				CLANG_WARN_OBJC_LITERAL_CONVERSION = YES;
				CLANG_WARN_OBJC_ROOT_CLASS = YES_ERROR;
				CLANG_WARN_QUOTED_INCLUDE_IN_FRAMEWORK_HEADER = YES;
				CLANG_WARN_RANGE_LOOP_ANALYSIS = YES;
				CLANG_WARN_STRICT_PROTOTYPES = YES;
				CLANG_WARN_SUSPICIOUS_MOVE = YES;
				CLANG_WARN_UNGUARDED_AVAILABILITY = YES_AGGRESSIVE;
				CLANG_WARN_UNREACHABLE_CODE = YES;
				CLANG_WARN__DUPLICATE_METHOD_MATCH = YES;
				COPY_PHASE_STRIP = NO;
				DEBUG_INFORMATION_FORMAT = "dwarf-with-dsym";
				ENABLE_NS_ASSERTIONS = NO;
				ENABLE_STRICT_OBJC_MSGSEND = YES;
				GCC_C_LANGUAGE_STANDARD = gnu11;
				GCC_NO_COMMON_BLOCKS = YES;
				GCC_WARN_64_TO_32_BIT_CONVERSION = YES;
				GCC_WARN_ABOUT_RETURN_TYPE = YES_ERROR;
				GCC_WARN_UNDECLARED_SELECTOR = YES;
				GCC_WARN_UNINITIALIZED_AUTOS = YES_AGGRESSIVE;
				GCC_WARN_UNUSED_FUNCTION = YES;
				GCC_WARN_UNUSED_VARIABLE = YES;
				MTL_ENABLE_DEBUG_INFO = NO;
				MTL_FAST_MATH = YES;
				SWIFT_COMPILATION_MODE = wholemodule;
				SWIFT_OPTIMIZATION_LEVEL = "-O";
			};
			name = Release;
		};
		3E7C4F8129E2825000546002 /* Debug */ = {
			isa = XCBuildConfiguration;
			buildSettings = {
				ASSETCATALOG_COMPILER_APPICON_NAME = AppIcon;
				ASSETCATALOG_COMPILER_GLOBAL_ACCENT_COLOR_NAME = AccentColor;
				CODE_SIGN_STYLE = Automatic;
				CURRENT_PROJECT_VERSION = 1;
				DEVELOPMENT_TEAM = 2DPRKN4D95;
				ENABLE_PREVIEWS = YES;
				GENERATE_INFOPLIST_FILE = YES;
				INFOPLIST_FILE = "GPT-Voice-Chat--iOS--Info.plist";
				INFOPLIST_KEY_NSMicrophoneUsageDescription = "This app requires access to the microphone for speech recognition to interact with the GPT chatbot.";
				INFOPLIST_KEY_NSSpeechRecognitionUsageDescription = "This app requires access to speech recognition to allow you to interact with the GPT chatbot via voice.";
				INFOPLIST_KEY_UIApplicationSceneManifest_Generation = YES;
				INFOPLIST_KEY_UIApplicationSupportsIndirectInputEvents = YES;
				INFOPLIST_KEY_UILaunchScreen_Generation = YES;
				INFOPLIST_KEY_UISupportedInterfaceOrientations_iPad = "UIInterfaceOrientationPortrait UIInterfaceOrientationPortraitUpsideDown UIInterfaceOrientationLandscapeLeft UIInterfaceOrientationLandscapeRight";
				INFOPLIST_KEY_UISupportedInterfaceOrientations_iPhone = "UIInterfaceOrientationPortrait UIInterfaceOrientationLandscapeLeft UIInterfaceOrientationLandscapeRight";
				IPHONEOS_DEPLOYMENT_TARGET = 14.7;
				LD_RUNPATH_SEARCH_PATHS = (
					"$(inherited)",
					"@executable_path/Frameworks",
				);
				MARKETING_VERSION = 1.0;
				PRODUCT_BUNDLE_IDENTIFIER = "GPT-Voice-Chat";
				PRODUCT_NAME = "GPT Voice Chat";
				SDKROOT = iphoneos;
				SWIFT_EMIT_LOC_STRINGS = YES;
				SWIFT_VERSION = 5.0;
				TARGETED_DEVICE_FAMILY = "1,2";
			};
			name = Debug;
		};
		3E7C4F8229E2825000546002 /* Release */ = {
			isa = XCBuildConfiguration;
			buildSettings = {
				ASSETCATALOG_COMPILER_APPICON_NAME = AppIcon;
				ASSETCATALOG_COMPILER_GLOBAL_ACCENT_COLOR_NAME = AccentColor;
				CODE_SIGN_STYLE = Automatic;
				CURRENT_PROJECT_VERSION = 1;
				DEVELOPMENT_TEAM = 2DPRKN4D95;
				ENABLE_PREVIEWS = YES;
				GENERATE_INFOPLIST_FILE = YES;
				INFOPLIST_FILE = "GPT-Voice-Chat--iOS--Info.plist";
				INFOPLIST_KEY_NSMicrophoneUsageDescription = "This app requires access to the microphone for speech recognition to interact with the GPT chatbot.";
				INFOPLIST_KEY_NSSpeechRecognitionUsageDescription = "This app requires access to speech recognition to allow you to interact with the GPT chatbot via voice.";
				INFOPLIST_KEY_UIApplicationSceneManifest_Generation = YES;
				INFOPLIST_KEY_UIApplicationSupportsIndirectInputEvents = YES;
				INFOPLIST_KEY_UILaunchScreen_Generation = YES;
				INFOPLIST_KEY_UISupportedInterfaceOrientations_iPad = "UIInterfaceOrientationPortrait UIInterfaceOrientationPortraitUpsideDown UIInterfaceOrientationLandscapeLeft UIInterfaceOrientationLandscapeRight";
				INFOPLIST_KEY_UISupportedInterfaceOrientations_iPhone = "UIInterfaceOrientationPortrait UIInterfaceOrientationLandscapeLeft UIInterfaceOrientationLandscapeRight";
				IPHONEOS_DEPLOYMENT_TARGET = 14.7;
				LD_RUNPATH_SEARCH_PATHS = (
					"$(inherited)",
					"@executable_path/Frameworks",
				);
				MARKETING_VERSION = 1.0;
				PRODUCT_BUNDLE_IDENTIFIER = "GPT-Voice-Chat";
				PRODUCT_NAME = "GPT Voice Chat";
				SDKROOT = iphoneos;
				SWIFT_EMIT_LOC_STRINGS = YES;
				SWIFT_VERSION = 5.0;
				TARGETED_DEVICE_FAMILY = "1,2";
				VALIDATE_PRODUCT = YES;
			};
			name = Release;
		};
		3E7C4F8429E2825000546002 /* Debug */ = {
			isa = XCBuildConfiguration;
			buildSettings = {
				ASSETCATALOG_COMPILER_APPICON_NAME = AppIcon;
				ASSETCATALOG_COMPILER_GLOBAL_ACCENT_COLOR_NAME = AccentColor;
				CODE_SIGN_ENTITLEMENTS = macOS/macOS.entitlements;
				CODE_SIGN_STYLE = Automatic;
				COMBINE_HIDPI_IMAGES = YES;
				CURRENT_PROJECT_VERSION = 1;
				ENABLE_PREVIEWS = YES;
				GENERATE_INFOPLIST_FILE = YES;
				INFOPLIST_KEY_NSHumanReadableCopyright = "";
				LD_RUNPATH_SEARCH_PATHS = (
					"$(inherited)",
					"@executable_path/../Frameworks",
				);
				MACOSX_DEPLOYMENT_TARGET = 12.3;
				MARKETING_VERSION = 1.0;
				PRODUCT_BUNDLE_IDENTIFIER = "net.leibrand.GPT-Voice-Chat";
				PRODUCT_NAME = "GPT Voice Chat";
				SDKROOT = macosx;
				SWIFT_EMIT_LOC_STRINGS = YES;
				SWIFT_VERSION = 5.0;
			};
			name = Debug;
		};
		3E7C4F8529E2825000546002 /* Release */ = {
			isa = XCBuildConfiguration;
			buildSettings = {
				ASSETCATALOG_COMPILER_APPICON_NAME = AppIcon;
				ASSETCATALOG_COMPILER_GLOBAL_ACCENT_COLOR_NAME = AccentColor;
				CODE_SIGN_ENTITLEMENTS = macOS/macOS.entitlements;
				CODE_SIGN_STYLE = Automatic;
				COMBINE_HIDPI_IMAGES = YES;
				CURRENT_PROJECT_VERSION = 1;
				ENABLE_PREVIEWS = YES;
				GENERATE_INFOPLIST_FILE = YES;
				INFOPLIST_KEY_NSHumanReadableCopyright = "";
				LD_RUNPATH_SEARCH_PATHS = (
					"$(inherited)",
					"@executable_path/../Frameworks",
				);
				MACOSX_DEPLOYMENT_TARGET = 12.3;
				MARKETING_VERSION = 1.0;
				PRODUCT_BUNDLE_IDENTIFIER = "net.leibrand.GPT-Voice-Chat";
				PRODUCT_NAME = "GPT Voice Chat";
				SDKROOT = macosx;
				SWIFT_EMIT_LOC_STRINGS = YES;
				SWIFT_VERSION = 5.0;
			};
			name = Release;
		};
		3E87A5A529E2C3C00064056E /* Debug */ = {
			isa = XCBuildConfiguration;
			buildSettings = {
				ASSETCATALOG_COMPILER_COMPLICATION_NAME = Complication;
				CODE_SIGN_STYLE = Automatic;
				CURRENT_PROJECT_VERSION = 1;
				DEVELOPMENT_ASSET_PATHS = "\"GPT Voice Chat WatchKit Extension/Preview Content\"";
				DEVELOPMENT_TEAM = 2DPRKN4D95;
				ENABLE_PREVIEWS = YES;
				GENERATE_INFOPLIST_FILE = YES;
				INFOPLIST_FILE = "GPT Voice Chat WatchKit Extension/Info.plist";
				INFOPLIST_KEY_CFBundleDisplayName = "GPT Voice Chat WatchKit Extension";
				INFOPLIST_KEY_CLKComplicationPrincipalClass = "$(PRODUCT_MODULE_NAME).ComplicationController";
				INFOPLIST_KEY_NSHumanReadableCopyright = "";
				LD_RUNPATH_SEARCH_PATHS = (
					"$(inherited)",
					"@executable_path/Frameworks",
					"@executable_path/../../Frameworks",
				);
				MARKETING_VERSION = 1.0;
				PRODUCT_BUNDLE_IDENTIFIER = "GPT-Voice-Chat.watchkitapp.watchkitextension";
				PRODUCT_NAME = "${TARGET_NAME}";
				SDKROOT = watchos;
				SKIP_INSTALL = YES;
				SWIFT_EMIT_LOC_STRINGS = YES;
				SWIFT_VERSION = 5.0;
				TARGETED_DEVICE_FAMILY = 4;
				WATCHOS_DEPLOYMENT_TARGET = 8.5;
			};
			name = Debug;
		};
		3E87A5A629E2C3C00064056E /* Release */ = {
			isa = XCBuildConfiguration;
			buildSettings = {
				ASSETCATALOG_COMPILER_COMPLICATION_NAME = Complication;
				CODE_SIGN_STYLE = Automatic;
				CURRENT_PROJECT_VERSION = 1;
				DEVELOPMENT_ASSET_PATHS = "\"GPT Voice Chat WatchKit Extension/Preview Content\"";
				DEVELOPMENT_TEAM = 2DPRKN4D95;
				ENABLE_PREVIEWS = YES;
				GENERATE_INFOPLIST_FILE = YES;
				INFOPLIST_FILE = "GPT Voice Chat WatchKit Extension/Info.plist";
				INFOPLIST_KEY_CFBundleDisplayName = "GPT Voice Chat WatchKit Extension";
				INFOPLIST_KEY_CLKComplicationPrincipalClass = "$(PRODUCT_MODULE_NAME).ComplicationController";
				INFOPLIST_KEY_NSHumanReadableCopyright = "";
				LD_RUNPATH_SEARCH_PATHS = (
					"$(inherited)",
					"@executable_path/Frameworks",
					"@executable_path/../../Frameworks",
				);
				MARKETING_VERSION = 1.0;
				PRODUCT_BUNDLE_IDENTIFIER = "GPT-Voice-Chat.watchkitapp.watchkitextension";
				PRODUCT_NAME = "${TARGET_NAME}";
				SDKROOT = watchos;
				SKIP_INSTALL = YES;
				SWIFT_EMIT_LOC_STRINGS = YES;
				SWIFT_VERSION = 5.0;
				TARGETED_DEVICE_FAMILY = 4;
				VALIDATE_PRODUCT = YES;
				WATCHOS_DEPLOYMENT_TARGET = 8.5;
			};
			name = Release;
		};
		3E87A5A929E2C3C00064056E /* Debug */ = {
			isa = XCBuildConfiguration;
			buildSettings = {
				ALWAYS_EMBED_SWIFT_STANDARD_LIBRARIES = YES;
				ASSETCATALOG_COMPILER_APPICON_NAME = AppIcon;
				ASSETCATALOG_COMPILER_GLOBAL_ACCENT_COLOR_NAME = AccentColor;
				CODE_SIGN_STYLE = Automatic;
				CURRENT_PROJECT_VERSION = 1;
				DEVELOPMENT_TEAM = 2DPRKN4D95;
				GENERATE_INFOPLIST_FILE = YES;
				IBSC_MODULE = GPT_Voice_Chat_WatchKit_Extension;
				INFOPLIST_KEY_CFBundleDisplayName = "GPT Voice Chat";
				INFOPLIST_KEY_UISupportedInterfaceOrientations = "UIInterfaceOrientationPortrait UIInterfaceOrientationPortraitUpsideDown";
				INFOPLIST_KEY_WKCompanionAppBundleIdentifier = "GPT-Voice-Chat";
				MARKETING_VERSION = 1.0;
				PRODUCT_BUNDLE_IDENTIFIER = "GPT-Voice-Chat.watchkitapp";
				PRODUCT_NAME = "$(TARGET_NAME)";
				SDKROOT = watchos;
				SKIP_INSTALL = YES;
				SWIFT_EMIT_LOC_STRINGS = YES;
				SWIFT_VERSION = 5.0;
				TARGETED_DEVICE_FAMILY = 4;
				WATCHOS_DEPLOYMENT_TARGET = 8.5;
			};
			name = Debug;
		};
		3E87A5AA29E2C3C00064056E /* Release */ = {
			isa = XCBuildConfiguration;
			buildSettings = {
				ALWAYS_EMBED_SWIFT_STANDARD_LIBRARIES = YES;
				ASSETCATALOG_COMPILER_APPICON_NAME = AppIcon;
				ASSETCATALOG_COMPILER_GLOBAL_ACCENT_COLOR_NAME = AccentColor;
				CODE_SIGN_STYLE = Automatic;
				CURRENT_PROJECT_VERSION = 1;
				DEVELOPMENT_TEAM = 2DPRKN4D95;
				GENERATE_INFOPLIST_FILE = YES;
				IBSC_MODULE = GPT_Voice_Chat_WatchKit_Extension;
				INFOPLIST_KEY_CFBundleDisplayName = "GPT Voice Chat";
				INFOPLIST_KEY_UISupportedInterfaceOrientations = "UIInterfaceOrientationPortrait UIInterfaceOrientationPortraitUpsideDown";
				INFOPLIST_KEY_WKCompanionAppBundleIdentifier = "GPT-Voice-Chat";
				MARKETING_VERSION = 1.0;
				PRODUCT_BUNDLE_IDENTIFIER = "GPT-Voice-Chat.watchkitapp";
				PRODUCT_NAME = "$(TARGET_NAME)";
				SDKROOT = watchos;
				SKIP_INSTALL = YES;
				SWIFT_EMIT_LOC_STRINGS = YES;
				SWIFT_VERSION = 5.0;
				TARGETED_DEVICE_FAMILY = 4;
				VALIDATE_PRODUCT = YES;
				WATCHOS_DEPLOYMENT_TARGET = 8.5;
			};
			name = Release;
		};
/* End XCBuildConfiguration section */

/* Begin XCConfigurationList section */
		3E7C4F6629E2824F00546002 /* Build configuration list for PBXProject "GPT Voice Chat" */ = {
			isa = XCConfigurationList;
			buildConfigurations = (
				3E7C4F7E29E2825000546002 /* Debug */,
				3E7C4F7F29E2825000546002 /* Release */,
			);
			defaultConfigurationIsVisible = 0;
			defaultConfigurationName = Release;
		};
		3E7C4F8029E2825000546002 /* Build configuration list for PBXNativeTarget "GPT Voice Chat (iOS)" */ = {
			isa = XCConfigurationList;
			buildConfigurations = (
				3E7C4F8129E2825000546002 /* Debug */,
				3E7C4F8229E2825000546002 /* Release */,
			);
			defaultConfigurationIsVisible = 0;
			defaultConfigurationName = Release;
		};
		3E7C4F8329E2825000546002 /* Build configuration list for PBXNativeTarget "GPT Voice Chat (macOS)" */ = {
			isa = XCConfigurationList;
			buildConfigurations = (
				3E7C4F8429E2825000546002 /* Debug */,
				3E7C4F8529E2825000546002 /* Release */,
			);
			defaultConfigurationIsVisible = 0;
			defaultConfigurationName = Release;
		};
		3E87A5A429E2C3C00064056E /* Build configuration list for PBXNativeTarget "GPT Voice Chat WatchKit Extension" */ = {
			isa = XCConfigurationList;
			buildConfigurations = (
				3E87A5A529E2C3C00064056E /* Debug */,
				3E87A5A629E2C3C00064056E /* Release */,
			);
			defaultConfigurationIsVisible = 0;
			defaultConfigurationName = Release;
		};
		3E87A5A829E2C3C00064056E /* Build configuration list for PBXNativeTarget "GPT Voice Chat" */ = {
			isa = XCConfigurationList;
			buildConfigurations = (
				3E87A5A929E2C3C00064056E /* Debug */,
				3E87A5AA29E2C3C00064056E /* Release */,
			);
			defaultConfigurationIsVisible = 0;
			defaultConfigurationName = Release;
		};
/* End XCConfigurationList section */
	};
	rootObject = 3E7C4F6329E2824F00546002 /* Project object */;
}
